{
  "requires": true,
  "lockfileVersion": 1,
  "dependencies": {
    "nvl": {
      "version": "1.3.0",
      "resolved": "https://registry.npmjs.org/nvl/-/nvl-1.3.0.tgz",
      "integrity": "sha512-xECL2HWWTB7vmg44V0xqhHNsw83JV+NSg5LrGSuSX9CZCm3oIoAlBZrIZ1uumGdSzOGnNA4OAp0/n3E3ObcWnA=="
    }
  }
}
